{
  "originHash" : "3b16a7035191965e2f255fdc0b5141b1522412e5db6e1051934be4a09170b558",
  "pins" : [
    {
      "identity" : "slidingtabview",
      "kind" : "remoteSourceControl",
      "location" : "https://github.com/QuynhNguyen/SlidingTabView",
      "state" : {
        "revision" : "b0f0662977418824d50546b2850a523dcd793bb0",
        "version" : "1.0.2"
      }
    }
  ],
  "version" : 3
}
